
Microsoft Visual Studio Solution File, Format Version 12.00
# Visual Studio 15
VisualStudioVersion = 15.0.27130.2036
MinimumVisualStudioVersion = 10.0.40219.1
Project("{9A19103F-16F7-4668-BE54-9A1E7A4F7556}") = "GeekBurger.StoreCatalog.WebApi", "GeekBurger.StoreCatalog.WebApi\GeekBurger.StoreCatalog.WebApi.csproj", "{2F7203D4-220A-420E-BE32-0BCF28605A1A}"
EndProject
Project("{9A19103F-16F7-4668-BE54-9A1E7A4F7556}") = "GeekBurger.StoreCatalog.Entities", "GeekBurger.StoreCatalog.Entities\GeekBurger.StoreCatalog.Entities.csproj", "{8E80498B-F068-4486-B1DB-95A0374A8FBB}"
EndProject
Project("{9A19103F-16F7-4668-BE54-9A1E7A4F7556}") = "GeekBurger.StoreCatalog.Tests", "GeekBurger.StoreCatalog.Tests\GeekBurger.StoreCatalog.Tests.csproj", "{FABD771F-6CC0-4EA7-B68D-22BBE70BA850}"
EndProject
Project("{FAE04EC0-301F-11D3-BF4B-00C04F79EFBC}") = "GeekBurger.StoreCatalog.Core", "GeekBurger.StoreCatalog.Core\GeekBurger.StoreCatalog.Core.csproj", "{52EFF296-E1C4-4F20-A684-D5A52BD0DF55}"
EndProject
Project("{FAE04EC0-301F-11D3-BF4B-00C04F79EFBC}") = "GeekBurger.StoreCatalog.Infra", "GeekBurger.StoreCatalog.Repositories\GeekBurger.StoreCatalog.Infra.csproj", "{0CEADFA1-8CFA-4513-B832-86CEC76787F7}"
EndProject
Global
	GlobalSection(SolutionConfigurationPlatforms) = preSolution
		Debug|Any CPU = Debug|Any CPU
		Release|Any CPU = Release|Any CPU
	EndGlobalSection
	GlobalSection(ProjectConfigurationPlatforms) = postSolution
		{2F7203D4-220A-420E-BE32-0BCF28605A1A}.Debug|Any CPU.ActiveCfg = Debug|Any CPU
		{2F7203D4-220A-420E-BE32-0BCF28605A1A}.Debug|Any CPU.Build.0 = Debug|Any CPU
		{2F7203D4-220A-420E-BE32-0BCF28605A1A}.Release|Any CPU.ActiveCfg = Release|Any CPU
		{2F7203D4-220A-420E-BE32-0BCF28605A1A}.Release|Any CPU.Build.0 = Release|Any CPU
		{8E80498B-F068-4486-B1DB-95A0374A8FBB}.Debug|Any CPU.ActiveCfg = Debug|Any CPU
		{8E80498B-F068-4486-B1DB-95A0374A8FBB}.Debug|Any CPU.Build.0 = Debug|Any CPU
		{8E80498B-F068-4486-B1DB-95A0374A8FBB}.Release|Any CPU.ActiveCfg = Release|Any CPU
		{8E80498B-F068-4486-B1DB-95A0374A8FBB}.Release|Any CPU.Build.0 = Release|Any CPU
		{FABD771F-6CC0-4EA7-B68D-22BBE70BA850}.Debug|Any CPU.ActiveCfg = Debug|Any CPU
		{FABD771F-6CC0-4EA7-B68D-22BBE70BA850}.Debug|Any CPU.Build.0 = Debug|Any CPU
		{FABD771F-6CC0-4EA7-B68D-22BBE70BA850}.Release|Any CPU.ActiveCfg = Release|Any CPU
		{FABD771F-6CC0-4EA7-B68D-22BBE70BA850}.Release|Any CPU.Build.0 = Release|Any CPU
		{52EFF296-E1C4-4F20-A684-D5A52BD0DF55}.Debug|Any CPU.ActiveCfg = Debug|Any CPU
		{52EFF296-E1C4-4F20-A684-D5A52BD0DF55}.Debug|Any CPU.Build.0 = Debug|Any CPU
		{52EFF296-E1C4-4F20-A684-D5A52BD0DF55}.Release|Any CPU.ActiveCfg = Release|Any CPU
		{52EFF296-E1C4-4F20-A684-D5A52BD0DF55}.Release|Any CPU.Build.0 = Release|Any CPU
		{0CEADFA1-8CFA-4513-B832-86CEC76787F7}.Debug|Any CPU.ActiveCfg = Debug|Any CPU
		{0CEADFA1-8CFA-4513-B832-86CEC76787F7}.Debug|Any CPU.Build.0 = Debug|Any CPU
		{0CEADFA1-8CFA-4513-B832-86CEC76787F7}.Release|Any CPU.ActiveCfg = Release|Any CPU
		{0CEADFA1-8CFA-4513-B832-86CEC76787F7}.Release|Any CPU.Build.0 = Release|Any CPU
	EndGlobalSection
	GlobalSection(SolutionProperties) = preSolution
		HideSolutionNode = FALSE
	EndGlobalSection
	GlobalSection(ExtensibilityGlobals) = postSolution
		SolutionGuid = {37F43E43-0104-42A4-9FD8-CECA059277DD}
	EndGlobalSection
EndGlobal
