
Microsoft Visual Studio Solution File, Format Version 12.00
# Visual Studio 15
VisualStudioVersion = 15.0.27130.2036
MinimumVisualStudioVersion = 10.0.40219.1
Project("{FAE04EC0-301F-11D3-BF4B-00C04F79EFBC}") = "GeekBurger.StoreCatalog", "GeekBurger.StoreCatalog\GeekBurger.StoreCatalog.csproj", "{F4122EC7-5B3D-41C5-9302-45502ED3D886}"
EndProject
Project("{FAE04EC0-301F-11D3-BF4B-00C04F79EFBC}") = "GeekBurger.StoreCatalog.Contract", "GeekBurger.StoreCatalog.Contract\GeekBurger.StoreCatalog.Contract.csproj", "{0F2EE107-0BDA-4855-81D3-EE0369D7FBD3}"
EndProject
Project("{FAE04EC0-301F-11D3-BF4B-00C04F79EFBC}") = "GeekBurger.StoreCatalog.Core", "GeekBurger.StoreCatalog.Core\GeekBurger.StoreCatalog.Core.csproj", "{1AC2FBCA-ED67-40A6-BAAE-C0742AA19C7F}"
EndProject
Project("{FAE04EC0-301F-11D3-BF4B-00C04F79EFBC}") = "GeekBurger.StoreCatalog.Infra", "GeekBurger.StoreCatalog.Infra\GeekBurger.StoreCatalog.Infra.csproj", "{BE66CC0D-294E-4EAA-8EAC-45D1B246995F}"
EndProject
Project("{FAE04EC0-301F-11D3-BF4B-00C04F79EFBC}") = "GeekBurger.StoreCatalog.Tests", "GeekBurger.StoreCatalog.Tests\GeekBurger.StoreCatalog.Tests.csproj", "{5B029726-389B-4875-A12A-EB0464155B68}"
EndProject
Global
	GlobalSection(SolutionConfigurationPlatforms) = preSolution
		Debug|Any CPU = Debug|Any CPU
		Release|Any CPU = Release|Any CPU
	EndGlobalSection
	GlobalSection(ProjectConfigurationPlatforms) = postSolution
		{F4122EC7-5B3D-41C5-9302-45502ED3D886}.Debug|Any CPU.ActiveCfg = Debug|Any CPU
		{F4122EC7-5B3D-41C5-9302-45502ED3D886}.Debug|Any CPU.Build.0 = Debug|Any CPU
		{F4122EC7-5B3D-41C5-9302-45502ED3D886}.Release|Any CPU.ActiveCfg = Release|Any CPU
		{F4122EC7-5B3D-41C5-9302-45502ED3D886}.Release|Any CPU.Build.0 = Release|Any CPU
		{0F2EE107-0BDA-4855-81D3-EE0369D7FBD3}.Debug|Any CPU.ActiveCfg = Debug|Any CPU
		{0F2EE107-0BDA-4855-81D3-EE0369D7FBD3}.Debug|Any CPU.Build.0 = Debug|Any CPU
		{0F2EE107-0BDA-4855-81D3-EE0369D7FBD3}.Release|Any CPU.ActiveCfg = Release|Any CPU
		{0F2EE107-0BDA-4855-81D3-EE0369D7FBD3}.Release|Any CPU.Build.0 = Release|Any CPU
		{1AC2FBCA-ED67-40A6-BAAE-C0742AA19C7F}.Debug|Any CPU.ActiveCfg = Debug|Any CPU
		{1AC2FBCA-ED67-40A6-BAAE-C0742AA19C7F}.Debug|Any CPU.Build.0 = Debug|Any CPU
		{1AC2FBCA-ED67-40A6-BAAE-C0742AA19C7F}.Release|Any CPU.ActiveCfg = Release|Any CPU
		{1AC2FBCA-ED67-40A6-BAAE-C0742AA19C7F}.Release|Any CPU.Build.0 = Release|Any CPU
		{BE66CC0D-294E-4EAA-8EAC-45D1B246995F}.Debug|Any CPU.ActiveCfg = Debug|Any CPU
		{BE66CC0D-294E-4EAA-8EAC-45D1B246995F}.Debug|Any CPU.Build.0 = Debug|Any CPU
		{BE66CC0D-294E-4EAA-8EAC-45D1B246995F}.Release|Any CPU.ActiveCfg = Release|Any CPU
		{BE66CC0D-294E-4EAA-8EAC-45D1B246995F}.Release|Any CPU.Build.0 = Release|Any CPU
		{5B029726-389B-4875-A12A-EB0464155B68}.Debug|Any CPU.ActiveCfg = Debug|Any CPU
		{5B029726-389B-4875-A12A-EB0464155B68}.Debug|Any CPU.Build.0 = Debug|Any CPU
		{5B029726-389B-4875-A12A-EB0464155B68}.Release|Any CPU.ActiveCfg = Release|Any CPU
		{5B029726-389B-4875-A12A-EB0464155B68}.Release|Any CPU.Build.0 = Release|Any CPU
	EndGlobalSection
	GlobalSection(SolutionProperties) = preSolution
		HideSolutionNode = FALSE
	EndGlobalSection
	GlobalSection(ExtensibilityGlobals) = postSolution
		SolutionGuid = {942062D3-92E2-49D7-BA0B-4DC47390498B}
	EndGlobalSection
EndGlobal
